
Microsoft Visual Studio Solution File, Format Version 12.00
# Visual Studio 15
VisualStudioVersion = 15.0.26730.3
MinimumVisualStudioVersion = 10.0.40219.1
Project("{9A19103F-16F7-4668-BE54-9A1E7A4F7556}") = "Sunny", "Sunny\Sunny.csproj", "{DC112686-86D6-4C6F-A8C2-4B082F8EBFFC}"
EndProject
Project("{2150E333-8FDC-42A3-9474-1A3956D46DE8}") = "Test", "Test", "{1ED239D0-D3BC-4F57-9156-F9DB2AF3C96F}"
EndProject
Project("{9A19103F-16F7-4668-BE54-9A1E7A4F7556}") = "Host", "Host\Host.csproj", "{915104C2-0B9F-4C02-880C-2544AB382327}"
EndProject
Project("{FAE04EC0-301F-11D3-BF4B-00C04F79EFBC}") = "HostApp", "HostApp\HostApp.csproj", "{EA41E1A0-A257-4BAF-B8BC-AAF799D4B245}"
EndProject
Global
	GlobalSection(SolutionConfigurationPlatforms) = preSolution
		Debug|Any CPU = Debug|Any CPU
		Release|Any CPU = Release|Any CPU
	EndGlobalSection
	GlobalSection(ProjectConfigurationPlatforms) = postSolution
		{DC112686-86D6-4C6F-A8C2-4B082F8EBFFC}.Debug|Any CPU.ActiveCfg = Debug|Any CPU
		{DC112686-86D6-4C6F-A8C2-4B082F8EBFFC}.Debug|Any CPU.Build.0 = Debug|Any CPU
		{DC112686-86D6-4C6F-A8C2-4B082F8EBFFC}.Release|Any CPU.ActiveCfg = Release|Any CPU
		{DC112686-86D6-4C6F-A8C2-4B082F8EBFFC}.Release|Any CPU.Build.0 = Release|Any CPU
		{915104C2-0B9F-4C02-880C-2544AB382327}.Debug|Any CPU.ActiveCfg = Debug|Any CPU
		{915104C2-0B9F-4C02-880C-2544AB382327}.Debug|Any CPU.Build.0 = Debug|Any CPU
		{915104C2-0B9F-4C02-880C-2544AB382327}.Release|Any CPU.ActiveCfg = Release|Any CPU
		{915104C2-0B9F-4C02-880C-2544AB382327}.Release|Any CPU.Build.0 = Release|Any CPU
		{EA41E1A0-A257-4BAF-B8BC-AAF799D4B245}.Debug|Any CPU.ActiveCfg = Debug|Any CPU
		{EA41E1A0-A257-4BAF-B8BC-AAF799D4B245}.Debug|Any CPU.Build.0 = Debug|Any CPU
		{EA41E1A0-A257-4BAF-B8BC-AAF799D4B245}.Release|Any CPU.ActiveCfg = Release|Any CPU
		{EA41E1A0-A257-4BAF-B8BC-AAF799D4B245}.Release|Any CPU.Build.0 = Release|Any CPU
	EndGlobalSection
	GlobalSection(SolutionProperties) = preSolution
		HideSolutionNode = FALSE
	EndGlobalSection
	GlobalSection(ExtensibilityGlobals) = postSolution
		SolutionGuid = {1B4C0FF4-2E6A-4BCD-AF6A-F0DF81211627}
	EndGlobalSection
EndGlobal
